
Microsoft Visual Studio Solution File, Format Version 12.00
# Visual Studio 15
VisualStudioVersion = 15.0.28010.2048
MinimumVisualStudioVersion = 10.0.40219.1
Project("{FAE04EC0-301F-11D3-BF4B-00C04F79EFBC}") = "ContribuinteApi", "ContribuinteApi\ContribuinteApi.csproj", "{FE895720-1D77-4291-97AC-8882712ECBB9}"
EndProject
Project("{FAE04EC0-301F-11D3-BF4B-00C04F79EFBC}") = "TestContribuinte", "TestContribuinte\TestContribuinte.csproj", "{AB8BDE70-1487-40F8-B846-6C702A1D839D}"
EndProject
Global
	GlobalSection(SolutionConfigurationPlatforms) = preSolution
		Debug|Any CPU = Debug|Any CPU
		Release|Any CPU = Release|Any CPU
	EndGlobalSection
	GlobalSection(ProjectConfigurationPlatforms) = postSolution
		{FE895720-1D77-4291-97AC-8882712ECBB9}.Debug|Any CPU.ActiveCfg = Debug|Any CPU
		{FE895720-1D77-4291-97AC-8882712ECBB9}.Debug|Any CPU.Build.0 = Debug|Any CPU
		{FE895720-1D77-4291-97AC-8882712ECBB9}.Release|Any CPU.ActiveCfg = Release|Any CPU
		{FE895720-1D77-4291-97AC-8882712ECBB9}.Release|Any CPU.Build.0 = Release|Any CPU
		{AB8BDE70-1487-40F8-B846-6C702A1D839D}.Debug|Any CPU.ActiveCfg = Debug|Any CPU
		{AB8BDE70-1487-40F8-B846-6C702A1D839D}.Debug|Any CPU.Build.0 = Debug|Any CPU
		{AB8BDE70-1487-40F8-B846-6C702A1D839D}.Release|Any CPU.ActiveCfg = Release|Any CPU
		{AB8BDE70-1487-40F8-B846-6C702A1D839D}.Release|Any CPU.Build.0 = Release|Any CPU
	EndGlobalSection
	GlobalSection(SolutionProperties) = preSolution
		HideSolutionNode = FALSE
	EndGlobalSection
	GlobalSection(ExtensibilityGlobals) = postSolution
		SolutionGuid = {6C91ABD2-5A74-4376-8DBB-E315BDAA1958}
	EndGlobalSection
EndGlobal
